
Microsoft Visual Studio Solution File, Format Version 12.00
# Visual Studio 15
VisualStudioVersion = 15.0.28307.960
MinimumVisualStudioVersion = 10.0.40219.1
Project("{FAE04EC0-301F-11D3-BF4B-00C04F79EFBC}") = "StudentXmlApplication", "StudentXmlApplication\StudentXmlApplication.csproj", "{89907913-ED90-42FF-BF08-3BA08DD88D5E}"
EndProject
Global
	GlobalSection(SolutionConfigurationPlatforms) = preSolution
		Debug|Any CPU = Debug|Any CPU
		Release|Any CPU = Release|Any CPU
	EndGlobalSection
	GlobalSection(ProjectConfigurationPlatforms) = postSolution
		{89907913-ED90-42FF-BF08-3BA08DD88D5E}.Debug|Any CPU.ActiveCfg = Debug|Any CPU
		{89907913-ED90-42FF-BF08-3BA08DD88D5E}.Debug|Any CPU.Build.0 = Debug|Any CPU
		{89907913-ED90-42FF-BF08-3BA08DD88D5E}.Release|Any CPU.ActiveCfg = Release|Any CPU
		{89907913-ED90-42FF-BF08-3BA08DD88D5E}.Release|Any CPU.Build.0 = Release|Any CPU
	EndGlobalSection
	GlobalSection(SolutionProperties) = preSolution
		HideSolutionNode = FALSE
	EndGlobalSection
	GlobalSection(ExtensibilityGlobals) = postSolution
		SolutionGuid = {1C35C84D-202A-46A6-9AF7-CD400ABC085B}
	EndGlobalSection
EndGlobal
